// !$*UTF8*$!
{
	archiveVersion = 1;
	classes = {
	};
	objectVersion = 50;
	objects = {

/* Begin PBXBuildFile section */
		240DB17A2491CAD5004AC47A /* EmptyListView.swift in Sources */ = {isa = PBXBuildFile; fileRef = 240DB1792491CAD5004AC47A /* EmptyListView.swift */; };
		240DB17C2493F182004AC47A /* TextCapsuleView.swift in Sources */ = {isa = PBXBuildFile; fileRef = 240DB17B2493F181004AC47A /* TextCapsuleView.swift */; };
		240DB18124944657004AC47A /* PreloadedDataMac.plist in Resources */ = {isa = PBXBuildFile; fileRef = 240DB18024944656004AC47A /* PreloadedDataMac.plist */; };
		2412F5DD249E94B400BA49F3 /* ResupplyView.swift in Sources */ = {isa = PBXBuildFile; fileRef = 2412F5DC249E94B400BA49F3 /* ResupplyView.swift */; };
		244C74C2248D50CC0052012C /* AppDelegate.swift in Sources */ = {isa = PBXBuildFile; fileRef = 244C74C1248D50CC0052012C /* AppDelegate.swift */; };
		244C74C4248D50CC0052012C /* SceneDelegate.swift in Sources */ = {isa = PBXBuildFile; fileRef = 244C74C3248D50CC0052012C /* SceneDelegate.swift */; };
		244C74C7248D50CC0052012C /* Corporate_AeroStocker.xcdatamodeld in Sources */ = {isa = PBXBuildFile; fileRef = 244C74C5248D50CC0052012C /* Corporate_AeroStocker.xcdatamodeld */; };
		244C74C9248D50CC0052012C /* ContentView.swift in Sources */ = {isa = PBXBuildFile; fileRef = 244C74C8248D50CC0052012C /* ContentView.swift */; };
		244C74CB248D50D40052012C /* Assets.xcassets in Resources */ = {isa = PBXBuildFile; fileRef = 244C74CA248D50D40052012C /* Assets.xcassets */; };
		244C74CE248D50D40052012C /* Preview Assets.xcassets in Resources */ = {isa = PBXBuildFile; fileRef = 244C74CD248D50D40052012C /* Preview Assets.xcassets */; };
		244C74D1248D50D40052012C /* LaunchScreen.storyboard in Resources */ = {isa = PBXBuildFile; fileRef = 244C74CF248D50D40052012C /* LaunchScreen.storyboard */; };
		244C74DA248D5B020052012C /* AddItemView.swift in Sources */ = {isa = PBXBuildFile; fileRef = 244C74D9248D5B020052012C /* AddItemView.swift */; };
		244C74DC248D68A60052012C /* PickerBinding.swift in Sources */ = {isa = PBXBuildFile; fileRef = 244C74DB248D68A50052012C /* PickerBinding.swift */; };
/* End PBXBuildFile section */

/* Begin PBXFileReference section */
		240DB1792491CAD5004AC47A /* EmptyListView.swift */ = {isa = PBXFileReference; lastKnownFileType = sourcecode.swift; path = EmptyListView.swift; sourceTree = "<group>"; };
		240DB17B2493F181004AC47A /* TextCapsuleView.swift */ = {isa = PBXFileReference; lastKnownFileType = sourcecode.swift; path = TextCapsuleView.swift; sourceTree = "<group>"; };
		240DB18024944656004AC47A /* PreloadedDataMac.plist */ = {isa = PBXFileReference; fileEncoding = 4; lastKnownFileType = text.plist.xml; name = PreloadedDataMac.plist; path = ../../../../../../Downloads/PreloadedDataMac.plist; sourceTree = "<group>"; };
		2412F5DC249E94B400BA49F3 /* ResupplyView.swift */ = {isa = PBXFileReference; lastKnownFileType = sourcecode.swift; path = ResupplyView.swift; sourceTree = "<group>"; };
		244C74BE248D50CC0052012C /* Corporate AeroStocker.app */ = {isa = PBXFileReference; explicitFileType = wrapper.application; includeInIndex = 0; path = "Corporate AeroStocker.app"; sourceTree = BUILT_PRODUCTS_DIR; };
		244C74C1248D50CC0052012C /* AppDelegate.swift */ = {isa = PBXFileReference; lastKnownFileType = sourcecode.swift; path = AppDelegate.swift; sourceTree = "<group>"; };
		244C74C3248D50CC0052012C /* SceneDelegate.swift */ = {isa = PBXFileReference; lastKnownFileType = sourcecode.swift; path = SceneDelegate.swift; sourceTree = "<group>"; };
		244C74C6248D50CC0052012C /* Corporate_AeroStocker.xcdatamodel */ = {isa = PBXFileReference; lastKnownFileType = wrapper.xcdatamodel; path = Corporate_AeroStocker.xcdatamodel; sourceTree = "<group>"; };
		244C74C8248D50CC0052012C /* ContentView.swift */ = {isa = PBXFileReference; lastKnownFileType = sourcecode.swift; path = ContentView.swift; sourceTree = "<group>"; };
		244C74CA248D50D40052012C /* Assets.xcassets */ = {isa = PBXFileReference; lastKnownFileType = folder.assetcatalog; path = Assets.xcassets; sourceTree = "<group>"; };
		244C74CD248D50D40052012C /* Preview Assets.xcassets */ = {isa = PBXFileReference; lastKnownFileType = folder.assetcatalog; path = "Preview Assets.xcassets"; sourceTree = "<group>"; };
		244C74D0248D50D40052012C /* Base */ = {isa = PBXFileReference; lastKnownFileType = file.storyboard; name = Base; path = Base.lproj/LaunchScreen.storyboard; sourceTree = "<group>"; };
		244C74D2248D50D40052012C /* Info.plist */ = {isa = PBXFileReference; lastKnownFileType = text.plist.xml; path = Info.plist; sourceTree = "<group>"; };
		244C74D9248D5B020052012C /* AddItemView.swift */ = {isa = PBXFileReference; lastKnownFileType = sourcecode.swift; path = AddItemView.swift; sourceTree = "<group>"; };
		244C74DB248D68A50052012C /* PickerBinding.swift */ = {isa = PBXFileReference; lastKnownFileType = sourcecode.swift; path = PickerBinding.swift; sourceTree = "<group>"; };
/* End PBXFileReference section */

/* Begin PBXFrameworksBuildPhase section */
		244C74BB248D50CC0052012C /* Frameworks */ = {
			isa = PBXFrameworksBuildPhase;
			buildActionMask = 2147483647;
			files = (
			);
			runOnlyForDeploymentPostprocessing = 0;
		};
/* End PBXFrameworksBuildPhase section */

/* Begin PBXGroup section */
		240DB17D24943317004AC47A /* Data */ = {
			isa = PBXGroup;
			children = (
				240DB18024944656004AC47A /* PreloadedDataMac.plist */,
			);
			path = Data;
			sourceTree = "<group>";
		};
		244C74B5248D50CC0052012C = {
			isa = PBXGroup;
			children = (
				240DB17D24943317004AC47A /* Data */,
				244C74C0248D50CC0052012C /* Corporate AeroStocker */,
				244C74BF248D50CC0052012C /* Products */,
			);
			sourceTree = "<group>";
		};
		244C74BF248D50CC0052012C /* Products */ = {
			isa = PBXGroup;
			children = (
				244C74BE248D50CC0052012C /* Corporate AeroStocker.app */,
			);
			name = Products;
			sourceTree = "<group>";
		};
		244C74C0248D50CC0052012C /* Corporate AeroStocker */ = {
			isa = PBXGroup;
			children = (
				244C74C1248D50CC0052012C /* AppDelegate.swift */,
				244C74C3248D50CC0052012C /* SceneDelegate.swift */,
				244C74D8248D55820052012C /* Views */,
				244C74CA248D50D40052012C /* Assets.xcassets */,
				244C74CF248D50D40052012C /* LaunchScreen.storyboard */,
				244C74D2248D50D40052012C /* Info.plist */,
				244C74C5248D50CC0052012C /* Corporate_AeroStocker.xcdatamodeld */,
				244C74CC248D50D40052012C /* Preview Content */,
			);
			path = "Corporate AeroStocker";
			sourceTree = "<group>";
		};
		244C74CC248D50D40052012C /* Preview Content */ = {
			isa = PBXGroup;
			children = (
				244C74CD248D50D40052012C /* Preview Assets.xcassets */,
			);
			path = "Preview Content";
			sourceTree = "<group>";
		};
		244C74D8248D55820052012C /* Views */ = {
			isa = PBXGroup;
			children = (
				244C74C8248D50CC0052012C /* ContentView.swift */,
				244C74D9248D5B020052012C /* AddItemView.swift */,
				244C74DB248D68A50052012C /* PickerBinding.swift */,
				240DB1792491CAD5004AC47A /* EmptyListView.swift */,
				240DB17B2493F181004AC47A /* TextCapsuleView.swift */,
				2412F5DC249E94B400BA49F3 /* ResupplyView.swift */,
			);
			path = Views;
			sourceTree = "<group>";
		};
/* End PBXGroup section */

/* Begin PBXNativeTarget section */
		244C74BD248D50CC0052012C /* Corporate AeroStocker */ = {
			isa = PBXNativeTarget;
			buildConfigurationList = 244C74D5248D50D40052012C /* Build configuration list for PBXNativeTarget "Corporate AeroStocker" */;
			buildPhases = (
				244C74BA248D50CC0052012C /* Sources */,
				244C74BB248D50CC0052012C /* Frameworks */,
				244C74BC248D50CC0052012C /* Resources */,
			);
			buildRules = (
			);
			dependencies = (
			);
			name = "Corporate AeroStocker";
			productName = "Corporate AeroStocker";
			productReference = 244C74BE248D50CC0052012C /* Corporate AeroStocker.app */;
			productType = "com.apple.product-type.application";
		};
/* End PBXNativeTarget section */

/* Begin PBXProject section */
		244C74B6248D50CC0052012C /* Project object */ = {
			isa = PBXProject;
			attributes = {
				LastSwiftUpdateCheck = 1150;
				LastUpgradeCheck = 1150;
				ORGANIZATIONNAME = "Derrick Hodges";
				TargetAttributes = {
					244C74BD248D50CC0052012C = {
						CreatedOnToolsVersion = 11.5;
					};
				};
			};
			buildConfigurationList = 244C74B9248D50CC0052012C /* Build configuration list for PBXProject "Corporate AeroStocker" */;
			compatibilityVersion = "Xcode 9.3";
			developmentRegion = en;
			hasScannedForEncodings = 0;
			knownRegions = (
				en,
				Base,
			);
			mainGroup = 244C74B5248D50CC0052012C;
			productRefGroup = 244C74BF248D50CC0052012C /* Products */;
			projectDirPath = "";
			projectRoot = "";
			targets = (
				244C74BD248D50CC0052012C /* Corporate AeroStocker */,
			);
		};
/* End PBXProject section */

/* Begin PBXResourcesBuildPhase section */
		244C74BC248D50CC0052012C /* Resources */ = {
			isa = PBXResourcesBuildPhase;
			buildActionMask = 2147483647;
			files = (
				244C74D1248D50D40052012C /* LaunchScreen.storyboard in Resources */,
				244C74CE248D50D40052012C /* Preview Assets.xcassets in Resources */,
				244C74CB248D50D40052012C /* Assets.xcassets in Resources */,
				240DB18124944657004AC47A /* PreloadedDataMac.plist in Resources */,
			);
			runOnlyForDeploymentPostprocessing = 0;
		};
/* End PBXResourcesBuildPhase section */

/* Begin PBXSourcesBuildPhase section */
		244C74BA248D50CC0052012C /* Sources */ = {
			isa = PBXSourcesBuildPhase;
			buildActionMask = 2147483647;
			files = (
				244C74C2248D50CC0052012C /* AppDelegate.swift in Sources */,
				244C74DC248D68A60052012C /* PickerBinding.swift in Sources */,
				240DB17A2491CAD5004AC47A /* EmptyListView.swift in Sources */,
				244C74C4248D50CC0052012C /* SceneDelegate.swift in Sources */,
				244C74C9248D50CC0052012C /* ContentView.swift in Sources */,
				2412F5DD249E94B400BA49F3 /* ResupplyView.swift in Sources */,
				240DB17C2493F182004AC47A /* TextCapsuleView.swift in Sources */,
				244C74C7248D50CC0052012C /* Corporate_AeroStocker.xcdatamodeld in Sources */,
				244C74DA248D5B020052012C /* AddItemView.swift in Sources */,
			);
			runOnlyForDeploymentPostprocessing = 0;
		};
/* End PBXSourcesBuildPhase section */

/* Begin PBXVariantGroup section */
		244C74CF248D50D40052012C /* LaunchScreen.storyboard */ = {
			isa = PBXVariantGroup;
			children = (
				244C74D0248D50D40052012C /* Base */,
			);
			name = LaunchScreen.storyboard;
			sourceTree = "<group>";
		};
/* End PBXVariantGroup section */

/* Begin XCBuildConfiguration section */
		244C74D3248D50D40052012C /* Debug */ = {
			isa = XCBuildConfiguration;
			buildSettings = {
				ALWAYS_SEARCH_USER_PATHS = NO;
				CLANG_ANALYZER_NONNULL = YES;
				CLANG_ANALYZER_NUMBER_OBJECT_CONVERSION = YES_AGGRESSIVE;
				CLANG_CXX_LANGUAGE_STANDARD = "gnu++14";
				CLANG_CXX_LIBRARY = "libc++";
				CLANG_ENABLE_MODULES = YES;
				CLANG_ENABLE_OBJC_ARC = YES;
				CLANG_ENABLE_OBJC_WEAK = YES;
				CLANG_WARN_BLOCK_CAPTURE_AUTORELEASING = YES;
				CLANG_WARN_BOOL_CONVERSION = YES;
				CLANG_WARN_COMMA = YES;
				CLANG_WARN_CONSTANT_CONVERSION = YES;
				CLANG_WARN_DEPRECATED_OBJC_IMPLEMENTATIONS = YES;
				CLANG_WARN_DIRECT_OBJC_ISA_USAGE = YES_ERROR;
				CLANG_WARN_DOCUMENTATION_COMMENTS = YES;
				CLANG_WARN_EMPTY_BODY = YES;
				CLANG_WARN_ENUM_CONVERSION = YES;
				CLANG_WARN_INFINITE_RECURSION = YES;
				CLANG_WARN_INT_CONVERSION = YES;
				CLANG_WARN_NON_LITERAL_NULL_CONVERSION = YES;
				CLANG_WARN_OBJC_IMPLICIT_RETAIN_SELF = YES;
				CLANG_WARN_OBJC_LITERAL_CONVERSION = YES;
				CLANG_WARN_OBJC_ROOT_CLASS = YES_ERROR;
				CLANG_WARN_RANGE_LOOP_ANALYSIS = YES;
				CLANG_WARN_STRICT_PROTOTYPES = YES;
				CLANG_WARN_SUSPICIOUS_MOVE = YES;
				CLANG_WARN_UNGUARDED_AVAILABILITY = YES_AGGRESSIVE;
				CLANG_WARN_UNREACHABLE_CODE = YES;
				CLANG_WARN__DUPLICATE_METHOD_MATCH = YES;
				COPY_PHASE_STRIP = NO;
				DEBUG_INFORMATION_FORMAT = dwarf;
				ENABLE_STRICT_OBJC_MSGSEND = YES;
				ENABLE_TESTABILITY = YES;
				GCC_C_LANGUAGE_STANDARD = gnu11;
				GCC_DYNAMIC_NO_PIC = NO;
				GCC_NO_COMMON_BLOCKS = YES;
				GCC_OPTIMIZATION_LEVEL = 0;
				GCC_PREPROCESSOR_DEFINITIONS = (
					"DEBUG=1",
					"$(inherited)",
				);
				GCC_WARN_64_TO_32_BIT_CONVERSION = YES;
				GCC_WARN_ABOUT_RETURN_TYPE = YES_ERROR;
				GCC_WARN_UNDECLARED_SELECTOR = YES;
				GCC_WARN_UNINITIALIZED_AUTOS = YES_AGGRESSIVE;
				GCC_WARN_UNUSED_FUNCTION = YES;
				GCC_WARN_UNUSED_VARIABLE = YES;
				IPHONEOS_DEPLOYMENT_TARGET = 13.5;
				MTL_ENABLE_DEBUG_INFO = INCLUDE_SOURCE;
				MTL_FAST_MATH = YES;
				ONLY_ACTIVE_ARCH = YES;
				SDKROOT = iphoneos;
				SWIFT_ACTIVE_COMPILATION_CONDITIONS = DEBUG;
				SWIFT_OPTIMIZATION_LEVEL = "-Onone";
			};
			name = Debug;
		};
		244C74D4248D50D40052012C /* Release */ = {
			isa = XCBuildConfiguration;
			buildSettings = {
				ALWAYS_SEARCH_USER_PATHS = NO;
				CLANG_ANALYZER_NONNULL = YES;
				CLANG_ANALYZER_NUMBER_OBJECT_CONVERSION = YES_AGGRESSIVE;
				CLANG_CXX_LANGUAGE_STANDARD = "gnu++14";
				CLANG_CXX_LIBRARY = "libc++";
				CLANG_ENABLE_MODULES = YES;
				CLANG_ENABLE_OBJC_ARC = YES;
				CLANG_ENABLE_OBJC_WEAK = YES;
				CLANG_WARN_BLOCK_CAPTURE_AUTORELEASING = YES;
				CLANG_WARN_BOOL_CONVERSION = YES;
				CLANG_WARN_COMMA = YES;
				CLANG_WARN_CONSTANT_CONVERSION = YES;
				CLANG_WARN_DEPRECATED_OBJC_IMPLEMENTATIONS = YES;
				CLANG_WARN_DIRECT_OBJC_ISA_USAGE = YES_ERROR;
				CLANG_WARN_DOCUMENTATION_COMMENTS = YES;
				CLANG_WARN_EMPTY_BODY = YES;
				CLANG_WARN_ENUM_CONVERSION = YES;
				CLANG_WARN_INFINITE_RECURSION = YES;
				CLANG_WARN_INT_CONVERSION = YES;
				CLANG_WARN_NON_LITERAL_NULL_CONVERSION = YES;
				CLANG_WARN_OBJC_IMPLICIT_RETAIN_SELF = YES;
				CLANG_WARN_OBJC_LITERAL_CONVERSION = YES;
				CLANG_WARN_OBJC_ROOT_CLASS = YES_ERROR;
				CLANG_WARN_RANGE_LOOP_ANALYSIS = YES;
				CLANG_WARN_STRICT_PROTOTYPES = YES;
				CLANG_WARN_SUSPICIOUS_MOVE = YES;
				CLANG_WARN_UNGUARDED_AVAILABILITY = YES_AGGRESSIVE;
				CLANG_WARN_UNREACHABLE_CODE = YES;
				CLANG_WARN__DUPLICATE_METHOD_MATCH = YES;
				COPY_PHASE_STRIP = NO;
				DEBUG_INFORMATION_FORMAT = "dwarf-with-dsym";
				ENABLE_NS_ASSERTIONS = NO;
				ENABLE_STRICT_OBJC_MSGSEND = YES;
				GCC_C_LANGUAGE_STANDARD = gnu11;
				GCC_NO_COMMON_BLOCKS = YES;
				GCC_WARN_64_TO_32_BIT_CONVERSION = YES;
				GCC_WARN_ABOUT_RETURN_TYPE = YES_ERROR;
				GCC_WARN_UNDECLARED_SELECTOR = YES;
				GCC_WARN_UNINITIALIZED_AUTOS = YES_AGGRESSIVE;
				GCC_WARN_UNUSED_FUNCTION = YES;
				GCC_WARN_UNUSED_VARIABLE = YES;
				IPHONEOS_DEPLOYMENT_TARGET = 13.5;
				MTL_ENABLE_DEBUG_INFO = NO;
				MTL_FAST_MATH = YES;
				SDKROOT = iphoneos;
				SWIFT_COMPILATION_MODE = wholemodule;
				SWIFT_OPTIMIZATION_LEVEL = "-O";
				VALIDATE_PRODUCT = YES;
			};
			name = Release;
		};
		244C74D6248D50D40052012C /* Debug */ = {
			isa = XCBuildConfiguration;
			buildSettings = {
				ASSETCATALOG_COMPILER_APPICON_NAME = AppIcon;
				CODE_SIGN_STYLE = Automatic;
				DEVELOPMENT_ASSET_PATHS = "\"Corporate AeroStocker/Preview Content\"";
				DEVELOPMENT_TEAM = 52YFV3CQQ2;
				ENABLE_PREVIEWS = YES;
				INFOPLIST_FILE = "Corporate AeroStocker/Info.plist";
				LD_RUNPATH_SEARCH_PATHS = (
					"$(inherited)",
					"@executable_path/Frameworks",
				);
				PRODUCT_BUNDLE_IDENTIFIER = "com.myalohaspirit.Corporate-AeroStocker";
				PRODUCT_NAME = "$(TARGET_NAME)";
				SWIFT_VERSION = 5.0;
				TARGETED_DEVICE_FAMILY = "1,2";
			};
			name = Debug;
		};
		244C74D7248D50D40052012C /* Release */ = {
			isa = XCBuildConfiguration;
			buildSettings = {
				ASSETCATALOG_COMPILER_APPICON_NAME = AppIcon;
				CODE_SIGN_STYLE = Automatic;
				DEVELOPMENT_ASSET_PATHS = "\"Corporate AeroStocker/Preview Content\"";
				DEVELOPMENT_TEAM = 52YFV3CQQ2;
				ENABLE_PREVIEWS = YES;
				INFOPLIST_FILE = "Corporate AeroStocker/Info.plist";
				LD_RUNPATH_SEARCH_PATHS = (
					"$(inherited)",
					"@executable_path/Frameworks",
				);
				PRODUCT_BUNDLE_IDENTIFIER = "com.myalohaspirit.Corporate-AeroStocker";
				PRODUCT_NAME = "$(TARGET_NAME)";
				SWIFT_VERSION = 5.0;
				TARGETED_DEVICE_FAMILY = "1,2";
			};
			name = Release;
		};
/* End XCBuildConfiguration section */

/* Begin XCConfigurationList section */
		244C74B9248D50CC0052012C /* Build configuration list for PBXProject "Corporate AeroStocker" */ = {
			isa = XCConfigurationList;
			buildConfigurations = (
				244C74D3248D50D40052012C /* Debug */,
				244C74D4248D50D40052012C /* Release */,
			);
			defaultConfigurationIsVisible = 0;
			defaultConfigurationName = Release;
		};
		244C74D5248D50D40052012C /* Build configuration list for PBXNativeTarget "Corporate AeroStocker" */ = {
			isa = XCConfigurationList;
			buildConfigurations = (
				244C74D6248D50D40052012C /* Debug */,
				244C74D7248D50D40052012C /* Release */,
			);
			defaultConfigurationIsVisible = 0;
			defaultConfigurationName = Release;
		};
/* End XCConfigurationList section */

/* Begin XCVersionGroup section */
		244C74C5248D50CC0052012C /* Corporate_AeroStocker.xcdatamodeld */ = {
			isa = XCVersionGroup;
			children = (
				244C74C6248D50CC0052012C /* Corporate_AeroStocker.xcdatamodel */,
			);
			currentVersion = 244C74C6248D50CC0052012C /* Corporate_AeroStocker.xcdatamodel */;
			path = Corporate_AeroStocker.xcdatamodeld;
			sourceTree = "<group>";
			versionGroupType = wrapper.xcdatamodel;
		};
/* End XCVersionGroup section */
	};
	rootObject = 244C74B6248D50CC0052012C /* Project object */;
}
